// !$*UTF8*$!
{
	archiveVersion = 1;
	classes = {
	};
	objectVersion = 77;
	objects = {

/* Begin PBXBuildFile section */
		7E8749632E832CCE00D84595 /* GoogleService-Info.plist in Resources */ = {isa = PBXBuildFile; fileRef = 7E8749602E832CCE00D84595 /* GoogleService-Info.plist */; };
		7E8749692E832CCE00D84595 /* GoogleService-Info.plist in Resources */ = {isa = PBXBuildFile; fileRef = 7E8749602E832CCE00D84595 /* GoogleService-Info.plist */; };
		7E87496A2E832CCE00D84595 /* GoogleService-Info.plist in Resources */ = {isa = PBXBuildFile; fileRef = 7E8749602E832CCE00D84595 /* GoogleService-Info.plist */; };
		7E8749922E8C7F7400D84595 /* FirebaseFirestore in Frameworks */ = {isa = PBXBuildFile; productRef = 7E8749912E8C7F7400D84595 /* FirebaseFirestore */; };
		7E8749982E8C961A00D84595 /* FirebaseFunctions in Frameworks */ = {isa = PBXBuildFile; productRef = 7E8749972E8C961A00D84595 /* FirebaseFunctions */; };
		7EF971682E823C7B0061B747 /* FirebaseAI in Frameworks */ = {isa = PBXBuildFile; productRef = 7EF971672E823C7B0061B747 /* FirebaseAI */; };
		7EF9716A2E823C7B0061B747 /* FirebaseAnalytics in Frameworks */ = {isa = PBXBuildFile; productRef = 7EF971692E823C7B0061B747 /* FirebaseAnalytics */; };
		7EF9716C2E823C7B0061B747 /* FirebaseAnalyticsCore in Frameworks */ = {isa = PBXBuildFile; productRef = 7EF9716B2E823C7B0061B747 /* FirebaseAnalyticsCore */; };
		7EF9716E2E823C7B0061B747 /* FirebaseAnalyticsIdentitySupport in Frameworks */ = {isa = PBXBuildFile; productRef = 7EF9716D2E823C7B0061B747 /* FirebaseAnalyticsIdentitySupport */; };
		7EF971702E823C7B0061B747 /* FirebaseAppCheck in Frameworks */ = {isa = PBXBuildFile; productRef = 7EF9716F2E823C7B0061B747 /* FirebaseAppCheck */; };
		7EF971722E823C7B0061B747 /* FirebaseAppDistribution-Beta in Frameworks */ = {isa = PBXBuildFile; productRef = 7EF971712E823C7B0061B747 /* FirebaseAppDistribution-Beta */; };
		7EF971742E823C7B0061B747 /* FirebaseAuth in Frameworks */ = {isa = PBXBuildFile; productRef = 7EF971732E823C7B0061B747 /* FirebaseAuth */; };
		7EF971762E823C7B0061B747 /* FirebaseAuthCombine-Community in Frameworks */ = {isa = PBXBuildFile; productRef = 7EF971752E823C7B0061B747 /* FirebaseAuthCombine-Community */; };
		7EF971782E823C7B0061B747 /* FirebaseCore in Frameworks */ = {isa = PBXBuildFile; productRef = 7EF971772E823C7B0061B747 /* FirebaseCore */; };
		7EF9717A2E823C7B0061B747 /* FirebaseCrashlytics in Frameworks */ = {isa = PBXBuildFile; productRef = 7EF971792E823C7B0061B747 /* FirebaseCrashlytics */; };
		7EF9717C2E823C7B0061B747 /* FirebaseDatabase in Frameworks */ = {isa = PBXBuildFile; productRef = 7EF9717B2E823C7B0061B747 /* FirebaseDatabase */; };
		7EF9717E2E823C7B0061B747 /* FirebaseFirestore in Frameworks */ = {isa = PBXBuildFile; productRef = 7EF9717D2E823C7B0061B747 /* FirebaseFirestore */; };
		7EF971802E823C7B0061B747 /* FirebaseFirestoreCombine-Community in Frameworks */ = {isa = PBXBuildFile; productRef = 7EF9717F2E823C7B0061B747 /* FirebaseFirestoreCombine-Community */; };
		7EF971822E823C7B0061B747 /* FirebaseFunctions in Frameworks */ = {isa = PBXBuildFile; productRef = 7EF971812E823C7B0061B747 /* FirebaseFunctions */; };
		7EF971842E823C7B0061B747 /* FirebaseFunctionsCombine-Community in Frameworks */ = {isa = PBXBuildFile; productRef = 7EF971832E823C7B0061B747 /* FirebaseFunctionsCombine-Community */; };
		7EF971862E823C7B0061B747 /* FirebaseInAppMessaging-Beta in Frameworks */ = {isa = PBXBuildFile; productRef = 7EF971852E823C7B0061B747 /* FirebaseInAppMessaging-Beta */; };
		7EF971882E823C7B0061B747 /* FirebaseInstallations in Frameworks */ = {isa = PBXBuildFile; productRef = 7EF971872E823C7B0061B747 /* FirebaseInstallations */; };
		7EF9718A2E823C7B0061B747 /* FirebaseMLModelDownloader in Frameworks */ = {isa = PBXBuildFile; productRef = 7EF971892E823C7B0061B747 /* FirebaseMLModelDownloader */; };
		7EF9718C2E823C7B0061B747 /* FirebaseMessaging in Frameworks */ = {isa = PBXBuildFile; productRef = 7EF9718B2E823C7B0061B747 /* FirebaseMessaging */; };
		7EF9718E2E823C7B0061B747 /* FirebasePerformance in Frameworks */ = {isa = PBXBuildFile; productRef = 7EF9718D2E823C7B0061B747 /* FirebasePerformance */; };
		7EF971902E823C7B0061B747 /* FirebaseRemoteConfig in Frameworks */ = {isa = PBXBuildFile; productRef = 7EF9718F2E823C7B0061B747 /* FirebaseRemoteConfig */; };
		7EF971922E823C7B0061B747 /* FirebaseStorage in Frameworks */ = {isa = PBXBuildFile; productRef = 7EF971912E823C7B0061B747 /* FirebaseStorage */; };
		7EF971942E823C7B0061B747 /* FirebaseStorageCombine-Community in Frameworks */ = {isa = PBXBuildFile; productRef = 7EF971932E823C7B0061B747 /* FirebaseStorageCombine-Community */; };
/* End PBXBuildFile section */

/* Begin PBXContainerItemProxy section */
		7EF971322E81CD0B0061B747 /* PBXContainerItemProxy */ = {
			isa = PBXContainerItemProxy;
			containerPortal = 7EF9711C2E81CD090061B747 /* Project object */;
			proxyType = 1;
			remoteGlobalIDString = 7EF971232E81CD090061B747;
			remoteInfo = Employ210;
		};
		7EF9713C2E81CD0B0061B747 /* PBXContainerItemProxy */ = {
			isa = PBXContainerItemProxy;
			containerPortal = 7EF9711C2E81CD090061B747 /* Project object */;
			proxyType = 1;
			remoteGlobalIDString = 7EF971232E81CD090061B747;
			remoteInfo = Employ210;
		};
/* End PBXContainerItemProxy section */

/* Begin PBXFileReference section */
		7E8749602E832CCE00D84595 /* GoogleService-Info.plist */ = {isa = PBXFileReference; lastKnownFileType = text.plist.xml; path = "GoogleService-Info.plist"; sourceTree = "<group>"; };
		7EF971242E81CD090061B747 /* Employ210.app */ = {isa = PBXFileReference; explicitFileType = wrapper.application; includeInIndex = 0; path = Employ210.app; sourceTree = BUILT_PRODUCTS_DIR; };
		7EF971312E81CD0B0061B747 /* Employ210Tests.xctest */ = {isa = PBXFileReference; explicitFileType = wrapper.cfbundle; includeInIndex = 0; path = Employ210Tests.xctest; sourceTree = BUILT_PRODUCTS_DIR; };
		7EF9713B2E81CD0B0061B747 /* Employ210UITests.xctest */ = {isa = PBXFileReference; explicitFileType = wrapper.cfbundle; includeInIndex = 0; path = Employ210UITests.xctest; sourceTree = BUILT_PRODUCTS_DIR; };
/* End PBXFileReference section */

/* Begin PBXFileSystemSynchronizedRootGroup section */
		7EF971262E81CD090061B747 /* Employ210 */ = {
			isa = PBXFileSystemSynchronizedRootGroup;
			path = Employ210;
			sourceTree = "<group>";
		};
		7EF971342E81CD0B0061B747 /* Employ210Tests */ = {
			isa = PBXFileSystemSynchronizedRootGroup;
			path = Employ210Tests;
			sourceTree = "<group>";
		};
		7EF9713E2E81CD0B0061B747 /* Employ210UITests */ = {
			isa = PBXFileSystemSynchronizedRootGroup;
			path = Employ210UITests;
			sourceTree = "<group>";
		};
/* End PBXFileSystemSynchronizedRootGroup section */

/* Begin PBXFrameworksBuildPhase section */
		7EF971212E81CD090061B747 /* Frameworks */ = {
			isa = PBXFrameworksBuildPhase;
			buildActionMask = 2147483647;
			files = (
				7EF971802E823C7B0061B747 /* FirebaseFirestoreCombine-Community in Frameworks */,
				7EF971822E823C7B0061B747 /* FirebaseFunctions in Frameworks */,
				7EF9718E2E823C7B0061B747 /* FirebasePerformance in Frameworks */,
				7EF971942E823C7B0061B747 /* FirebaseStorageCombine-Community in Frameworks */,
				7EF971902E823C7B0061B747 /* FirebaseRemoteConfig in Frameworks */,
				7E8749922E8C7F7400D84595 /* FirebaseFirestore in Frameworks */,
				7EF9716E2E823C7B0061B747 /* FirebaseAnalyticsIdentitySupport in Frameworks */,
				7EF9716A2E823C7B0061B747 /* FirebaseAnalytics in Frameworks */,
				7EF9716C2E823C7B0061B747 /* FirebaseAnalyticsCore in Frameworks */,
				7EF971702E823C7B0061B747 /* FirebaseAppCheck in Frameworks */,
				7EF971682E823C7B0061B747 /* FirebaseAI in Frameworks */,
				7EF9717E2E823C7B0061B747 /* FirebaseFirestore in Frameworks */,
				7EF9718C2E823C7B0061B747 /* FirebaseMessaging in Frameworks */,
				7EF971882E823C7B0061B747 /* FirebaseInstallations in Frameworks */,
				7EF971842E823C7B0061B747 /* FirebaseFunctionsCombine-Community in Frameworks */,
				7EF971742E823C7B0061B747 /* FirebaseAuth in Frameworks */,
				7EF971722E823C7B0061B747 /* FirebaseAppDistribution-Beta in Frameworks */,
				7E8749982E8C961A00D84595 /* FirebaseFunctions in Frameworks */,
				7EF971862E823C7B0061B747 /* FirebaseInAppMessaging-Beta in Frameworks */,
				7EF9717A2E823C7B0061B747 /* FirebaseCrashlytics in Frameworks */,
				7EF9717C2E823C7B0061B747 /* FirebaseDatabase in Frameworks */,
				7EF9718A2E823C7B0061B747 /* FirebaseMLModelDownloader in Frameworks */,
				7EF971922E823C7B0061B747 /* FirebaseStorage in Frameworks */,
				7EF971782E823C7B0061B747 /* FirebaseCore in Frameworks */,
				7EF971762E823C7B0061B747 /* FirebaseAuthCombine-Community in Frameworks */,
			);
			runOnlyForDeploymentPostprocessing = 0;
		};
		7EF9712E2E81CD0B0061B747 /* Frameworks */ = {
			isa = PBXFrameworksBuildPhase;
			buildActionMask = 2147483647;
			files = (
			);
			runOnlyForDeploymentPostprocessing = 0;
		};
		7EF971382E81CD0B0061B747 /* Frameworks */ = {
			isa = PBXFrameworksBuildPhase;
			buildActionMask = 2147483647;
			files = (
			);
			runOnlyForDeploymentPostprocessing = 0;
		};
/* End PBXFrameworksBuildPhase section */

/* Begin PBXGroup section */
		7EF9711B2E81CD090061B747 = {
			isa = PBXGroup;
			children = (
				7EF971262E81CD090061B747 /* Employ210 */,
				7EF971342E81CD0B0061B747 /* Employ210Tests */,
				7EF9713E2E81CD0B0061B747 /* Employ210UITests */,
				7EF971252E81CD090061B747 /* Products */,
				7E8749602E832CCE00D84595 /* GoogleService-Info.plist */,
			);
			sourceTree = "<group>";
		};
		7EF971252E81CD090061B747 /* Products */ = {
			isa = PBXGroup;
			children = (
				7EF971242E81CD090061B747 /* Employ210.app */,
				7EF971312E81CD0B0061B747 /* Employ210Tests.xctest */,
				7EF9713B2E81CD0B0061B747 /* Employ210UITests.xctest */,
			);
			name = Products;
			sourceTree = "<group>";
		};
/* End PBXGroup section */

/* Begin PBXNativeTarget section */
		7EF971232E81CD090061B747 /* Employ210 */ = {
			isa = PBXNativeTarget;
			buildConfigurationList = 7EF971452E81CD0B0061B747 /* Build configuration list for PBXNativeTarget "Employ210" */;
			buildPhases = (
				7EF971202E81CD090061B747 /* Sources */,
				7EF971212E81CD090061B747 /* Frameworks */,
				7EF971222E81CD090061B747 /* Resources */,
			);
			buildRules = (
			);
			dependencies = (
			);
			fileSystemSynchronizedGroups = (
				7EF971262E81CD090061B747 /* Employ210 */,
			);
			name = Employ210;
			packageProductDependencies = (
				7EF971672E823C7B0061B747 /* FirebaseAI */,
				7EF971692E823C7B0061B747 /* FirebaseAnalytics */,
				7EF9716B2E823C7B0061B747 /* FirebaseAnalyticsCore */,
				7EF9716D2E823C7B0061B747 /* FirebaseAnalyticsIdentitySupport */,
				7EF9716F2E823C7B0061B747 /* FirebaseAppCheck */,
				7EF971712E823C7B0061B747 /* FirebaseAppDistribution-Beta */,
				7EF971732E823C7B0061B747 /* FirebaseAuth */,
				7EF971752E823C7B0061B747 /* FirebaseAuthCombine-Community */,
				7EF971772E823C7B0061B747 /* FirebaseCore */,
				7EF971792E823C7B0061B747 /* FirebaseCrashlytics */,
				7EF9717B2E823C7B0061B747 /* FirebaseDatabase */,
				7EF9717D2E823C7B0061B747 /* FirebaseFirestore */,
				7EF9717F2E823C7B0061B747 /* FirebaseFirestoreCombine-Community */,
				7EF971812E823C7B0061B747 /* FirebaseFunctions */,
				7EF971832E823C7B0061B747 /* FirebaseFunctionsCombine-Community */,
				7EF971852E823C7B0061B747 /* FirebaseInAppMessaging-Beta */,
				7EF971872E823C7B0061B747 /* FirebaseInstallations */,
				7EF971892E823C7B0061B747 /* FirebaseMLModelDownloader */,
				7EF9718B2E823C7B0061B747 /* FirebaseMessaging */,
				7EF9718D2E823C7B0061B747 /* FirebasePerformance */,
				7EF9718F2E823C7B0061B747 /* FirebaseRemoteConfig */,
				7EF971912E823C7B0061B747 /* FirebaseStorage */,
				7EF971932E823C7B0061B747 /* FirebaseStorageCombine-Community */,
				7E8749912E8C7F7400D84595 /* FirebaseFirestore */,
				7E8749972E8C961A00D84595 /* FirebaseFunctions */,
			);
			productName = Employ210;
			productReference = 7EF971242E81CD090061B747 /* Employ210.app */;
			productType = "com.apple.product-type.application";
		};
		7EF971302E81CD0B0061B747 /* Employ210Tests */ = {
			isa = PBXNativeTarget;
			buildConfigurationList = 7EF971482E81CD0B0061B747 /* Build configuration list for PBXNativeTarget "Employ210Tests" */;
			buildPhases = (
				7EF9712D2E81CD0B0061B747 /* Sources */,
				7EF9712E2E81CD0B0061B747 /* Frameworks */,
				7EF9712F2E81CD0B0061B747 /* Resources */,
			);
			buildRules = (
			);
			dependencies = (
				7EF971332E81CD0B0061B747 /* PBXTargetDependency */,
			);
			fileSystemSynchronizedGroups = (
				7EF971342E81CD0B0061B747 /* Employ210Tests */,
			);
			name = Employ210Tests;
			packageProductDependencies = (
			);
			productName = Employ210Tests;
			productReference = 7EF971312E81CD0B0061B747 /* Employ210Tests.xctest */;
			productType = "com.apple.product-type.bundle.unit-test";
		};
		7EF9713A2E81CD0B0061B747 /* Employ210UITests */ = {
			isa = PBXNativeTarget;
			buildConfigurationList = 7EF9714B2E81CD0B0061B747 /* Build configuration list for PBXNativeTarget "Employ210UITests" */;
			buildPhases = (
				7EF971372E81CD0B0061B747 /* Sources */,
				7EF971382E81CD0B0061B747 /* Frameworks */,
				7EF971392E81CD0B0061B747 /* Resources */,
			);
			buildRules = (
			);
			dependencies = (
				7EF9713D2E81CD0B0061B747 /* PBXTargetDependency */,
			);
			fileSystemSynchronizedGroups = (
				7EF9713E2E81CD0B0061B747 /* Employ210UITests */,
			);
			name = Employ210UITests;
			packageProductDependencies = (
			);
			productName = Employ210UITests;
			productReference = 7EF9713B2E81CD0B0061B747 /* Employ210UITests.xctest */;
			productType = "com.apple.product-type.bundle.ui-testing";
		};
/* End PBXNativeTarget section */

/* Begin PBXProject section */
		7EF9711C2E81CD090061B747 /* Project object */ = {
			isa = PBXProject;
			attributes = {
				BuildIndependentTargetsInParallel = 1;
				LastSwiftUpdateCheck = 1640;
				LastUpgradeCheck = 1640;
				TargetAttributes = {
					7EF971232E81CD090061B747 = {
						CreatedOnToolsVersion = 16.4;
					};
					7EF971302E81CD0B0061B747 = {
						CreatedOnToolsVersion = 16.4;
						TestTargetID = 7EF971232E81CD090061B747;
					};
					7EF9713A2E81CD0B0061B747 = {
						CreatedOnToolsVersion = 16.4;
						TestTargetID = 7EF971232E81CD090061B747;
					};
				};
			};
			buildConfigurationList = 7EF9711F2E81CD090061B747 /* Build configuration list for PBXProject "Employ210" */;
			developmentRegion = en;
			hasScannedForEncodings = 0;
			knownRegions = (
				en,
				Base,
			);
			mainGroup = 7EF9711B2E81CD090061B747;
			minimizedProjectReferenceProxies = 1;
			packageReferences = (
				7EF971522E81EDCC0061B747 /* XCRemoteSwiftPackageReference "firebase-ios-sdk" */,
			);
			preferredProjectObjectVersion = 77;
			productRefGroup = 7EF971252E81CD090061B747 /* Products */;
			projectDirPath = "";
			projectRoot = "";
			targets = (
				7EF971232E81CD090061B747 /* Employ210 */,
				7EF971302E81CD0B0061B747 /* Employ210Tests */,
				7EF9713A2E81CD0B0061B747 /* Employ210UITests */,
			);
		};
/* End PBXProject section */

/* Begin PBXResourcesBuildPhase section */
		7EF971222E81CD090061B747 /* Resources */ = {
			isa = PBXResourcesBuildPhase;
			buildActionMask = 2147483647;
			files = (
				7E8749632E832CCE00D84595 /* GoogleService-Info.plist in Resources */,
			);
			runOnlyForDeploymentPostprocessing = 0;
		};
		7EF9712F2E81CD0B0061B747 /* Resources */ = {
			isa = PBXResourcesBuildPhase;
			buildActionMask = 2147483647;
			files = (
				7E8749692E832CCE00D84595 /* GoogleService-Info.plist in Resources */,
			);
			runOnlyForDeploymentPostprocessing = 0;
		};
		7EF971392E81CD0B0061B747 /* Resources */ = {
			isa = PBXResourcesBuildPhase;
			buildActionMask = 2147483647;
			files = (
				7E87496A2E832CCE00D84595 /* GoogleService-Info.plist in Resources */,
			);
			runOnlyForDeploymentPostprocessing = 0;
		};
/* End PBXResourcesBuildPhase section */

/* Begin PBXSourcesBuildPhase section */
		7EF971202E81CD090061B747 /* Sources */ = {
			isa = PBXSourcesBuildPhase;
			buildActionMask = 2147483647;
			files = (
			);
			runOnlyForDeploymentPostprocessing = 0;
		};
		7EF9712D2E81CD0B0061B747 /* Sources */ = {
			isa = PBXSourcesBuildPhase;
			buildActionMask = 2147483647;
			files = (
			);
			runOnlyForDeploymentPostprocessing = 0;
		};
		7EF971372E81CD0B0061B747 /* Sources */ = {
			isa = PBXSourcesBuildPhase;
			buildActionMask = 2147483647;
			files = (
			);
			runOnlyForDeploymentPostprocessing = 0;
		};
/* End PBXSourcesBuildPhase section */

/* Begin PBXTargetDependency section */
		7EF971332E81CD0B0061B747 /* PBXTargetDependency */ = {
			isa = PBXTargetDependency;
			target = 7EF971232E81CD090061B747 /* Employ210 */;
			targetProxy = 7EF971322E81CD0B0061B747 /* PBXContainerItemProxy */;
		};
		7EF9713D2E81CD0B0061B747 /* PBXTargetDependency */ = {
			isa = PBXTargetDependency;
			target = 7EF971232E81CD090061B747 /* Employ210 */;
			targetProxy = 7EF9713C2E81CD0B0061B747 /* PBXContainerItemProxy */;
		};
/* End PBXTargetDependency section */

/* Begin XCBuildConfiguration section */
		7EF971432E81CD0B0061B747 /* Debug */ = {
			isa = XCBuildConfiguration;
			buildSettings = {
				ALWAYS_SEARCH_USER_PATHS = NO;
				ASSETCATALOG_COMPILER_GENERATE_SWIFT_ASSET_SYMBOL_EXTENSIONS = YES;
				CLANG_ANALYZER_NONNULL = YES;
				CLANG_ANALYZER_NUMBER_OBJECT_CONVERSION = YES_AGGRESSIVE;
				CLANG_CXX_LANGUAGE_STANDARD = "gnu++20";
				CLANG_ENABLE_MODULES = YES;
				CLANG_ENABLE_OBJC_ARC = YES;
				CLANG_ENABLE_OBJC_WEAK = YES;
				CLANG_WARN_BLOCK_CAPTURE_AUTORELEASING = YES;
				CLANG_WARN_BOOL_CONVERSION = YES;
				CLANG_WARN_COMMA = YES;
				CLANG_WARN_CONSTANT_CONVERSION = YES;
				CLANG_WARN_DEPRECATED_OBJC_IMPLEMENTATIONS = YES;
				CLANG_WARN_DIRECT_OBJC_ISA_USAGE = YES_ERROR;
				CLANG_WARN_DOCUMENTATION_COMMENTS = YES;
				CLANG_WARN_EMPTY_BODY = YES;
				CLANG_WARN_ENUM_CONVERSION = YES;
				CLANG_WARN_INFINITE_RECURSION = YES;
				CLANG_WARN_INT_CONVERSION = YES;
				CLANG_WARN_NON_LITERAL_NULL_CONVERSION = YES;
				CLANG_WARN_OBJC_IMPLICIT_RETAIN_SELF = YES;
				CLANG_WARN_OBJC_LITERAL_CONVERSION = YES;
				CLANG_WARN_OBJC_ROOT_CLASS = YES_ERROR;
				CLANG_WARN_QUOTED_INCLUDE_IN_FRAMEWORK_HEADER = YES;
				CLANG_WARN_RANGE_LOOP_ANALYSIS = YES;
				CLANG_WARN_STRICT_PROTOTYPES = YES;
				CLANG_WARN_SUSPICIOUS_MOVE = YES;
				CLANG_WARN_UNGUARDED_AVAILABILITY = YES_AGGRESSIVE;
				CLANG_WARN_UNREACHABLE_CODE = YES;
				CLANG_WARN__DUPLICATE_METHOD_MATCH = YES;
				COPY_PHASE_STRIP = NO;
				DEBUG_INFORMATION_FORMAT = dwarf;
				ENABLE_STRICT_OBJC_MSGSEND = YES;
				ENABLE_TESTABILITY = YES;
				ENABLE_USER_SCRIPT_SANDBOXING = YES;
				GCC_C_LANGUAGE_STANDARD = gnu17;
				GCC_DYNAMIC_NO_PIC = NO;
				GCC_NO_COMMON_BLOCKS = YES;
				GCC_OPTIMIZATION_LEVEL = 0;
				GCC_PREPROCESSOR_DEFINITIONS = (
					"DEBUG=1",
					"$(inherited)",
				);
				GCC_WARN_64_TO_32_BIT_CONVERSION = YES;
				GCC_WARN_ABOUT_RETURN_TYPE = YES_ERROR;
				GCC_WARN_UNDECLARED_SELECTOR = YES;
				GCC_WARN_UNINITIALIZED_AUTOS = YES_AGGRESSIVE;
				GCC_WARN_UNUSED_FUNCTION = YES;
				GCC_WARN_UNUSED_VARIABLE = YES;
				IPHONEOS_DEPLOYMENT_TARGET = 18.5;
				LOCALIZATION_PREFERS_STRING_CATALOGS = YES;
				MTL_ENABLE_DEBUG_INFO = INCLUDE_SOURCE;
				MTL_FAST_MATH = YES;
				ONLY_ACTIVE_ARCH = YES;
				SDKROOT = iphoneos;
				SWIFT_ACTIVE_COMPILATION_CONDITIONS = "DEBUG $(inherited)";
				SWIFT_OPTIMIZATION_LEVEL = "-Onone";
			};
			name = Debug;
		};
		7EF971442E81CD0B0061B747 /* Release */ = {
			isa = XCBuildConfiguration;
			buildSettings = {
				ALWAYS_SEARCH_USER_PATHS = NO;
				ASSETCATALOG_COMPILER_GENERATE_SWIFT_ASSET_SYMBOL_EXTENSIONS = YES;
				CLANG_ANALYZER_NONNULL = YES;
				CLANG_ANALYZER_NUMBER_OBJECT_CONVERSION = YES_AGGRESSIVE;
				CLANG_CXX_LANGUAGE_STANDARD = "gnu++20";
				CLANG_ENABLE_MODULES = YES;
				CLANG_ENABLE_OBJC_ARC = YES;
				CLANG_ENABLE_OBJC_WEAK = YES;
				CLANG_WARN_BLOCK_CAPTURE_AUTORELEASING = YES;
				CLANG_WARN_BOOL_CONVERSION = YES;
				CLANG_WARN_COMMA = YES;
				CLANG_WARN_CONSTANT_CONVERSION = YES;
				CLANG_WARN_DEPRECATED_OBJC_IMPLEMENTATIONS = YES;
				CLANG_WARN_DIRECT_OBJC_ISA_USAGE = YES_ERROR;
				CLANG_WARN_DOCUMENTATION_COMMENTS = YES;
				CLANG_WARN_EMPTY_BODY = YES;
				CLANG_WARN_ENUM_CONVERSION = YES;
				CLANG_WARN_INFINITE_RECURSION = YES;
				CLANG_WARN_INT_CONVERSION = YES;
				CLANG_WARN_NON_LITERAL_NULL_CONVERSION = YES;
				CLANG_WARN_OBJC_IMPLICIT_RETAIN_SELF = YES;
				CLANG_WARN_OBJC_LITERAL_CONVERSION = YES;
				CLANG_WARN_OBJC_ROOT_CLASS = YES_ERROR;
				CLANG_WARN_QUOTED_INCLUDE_IN_FRAMEWORK_HEADER = YES;
				CLANG_WARN_RANGE_LOOP_ANALYSIS = YES;
				CLANG_WARN_STRICT_PROTOTYPES = YES;
				CLANG_WARN_SUSPICIOUS_MOVE = YES;
				CLANG_WARN_UNGUARDED_AVAILABILITY = YES_AGGRESSIVE;
				CLANG_WARN_UNREACHABLE_CODE = YES;
				CLANG_WARN__DUPLICATE_METHOD_MATCH = YES;
				COPY_PHASE_STRIP = NO;
				DEBUG_INFORMATION_FORMAT = "dwarf-with-dsym";
				ENABLE_NS_ASSERTIONS = NO;
				ENABLE_STRICT_OBJC_MSGSEND = YES;
				ENABLE_USER_SCRIPT_SANDBOXING = YES;
				GCC_C_LANGUAGE_STANDARD = gnu17;
				GCC_NO_COMMON_BLOCKS = YES;
				GCC_WARN_64_TO_32_BIT_CONVERSION = YES;
				GCC_WARN_ABOUT_RETURN_TYPE = YES_ERROR;
				GCC_WARN_UNDECLARED_SELECTOR = YES;
				GCC_WARN_UNINITIALIZED_AUTOS = YES_AGGRESSIVE;
				GCC_WARN_UNUSED_FUNCTION = YES;
				GCC_WARN_UNUSED_VARIABLE = YES;
				IPHONEOS_DEPLOYMENT_TARGET = 18.5;
				LOCALIZATION_PREFERS_STRING_CATALOGS = YES;
				MTL_ENABLE_DEBUG_INFO = NO;
				MTL_FAST_MATH = YES;
				SDKROOT = iphoneos;
				SWIFT_COMPILATION_MODE = wholemodule;
				VALIDATE_PRODUCT = YES;
			};
			name = Release;
		};
		7EF971462E81CD0B0061B747 /* Debug */ = {
			isa = XCBuildConfiguration;
			buildSettings = {
				ASSETCATALOG_COMPILER_APPICON_NAME = AppIcon;
				ASSETCATALOG_COMPILER_GLOBAL_ACCENT_COLOR_NAME = AccentColor;
				CODE_SIGN_STYLE = Automatic;
				CURRENT_PROJECT_VERSION = 1;
				DEVELOPMENT_TEAM = CPHDK83BH3;
				ENABLE_PREVIEWS = YES;
				GENERATE_INFOPLIST_FILE = YES;
				INFOPLIST_KEY_UIApplicationSceneManifest_Generation = YES;
				INFOPLIST_KEY_UIApplicationSupportsIndirectInputEvents = YES;
				INFOPLIST_KEY_UILaunchScreen_Generation = YES;
				INFOPLIST_KEY_UISupportedInterfaceOrientations_iPad = "UIInterfaceOrientationPortrait UIInterfaceOrientationPortraitUpsideDown UIInterfaceOrientationLandscapeLeft UIInterfaceOrientationLandscapeRight";
				INFOPLIST_KEY_UISupportedInterfaceOrientations_iPhone = "UIInterfaceOrientationPortrait UIInterfaceOrientationLandscapeLeft UIInterfaceOrientationLandscapeRight";
				LD_RUNPATH_SEARCH_PATHS = (
					"$(inherited)",
					"@executable_path/Frameworks",
				);
				MARKETING_VERSION = 1.0;
				PRODUCT_BUNDLE_IDENTIFIER = SMU.Employ210;
				PRODUCT_NAME = "$(TARGET_NAME)";
				SWIFT_EMIT_LOC_STRINGS = YES;
				SWIFT_VERSION = 5.0;
				TARGETED_DEVICE_FAMILY = "1,2";
			};
			name = Debug;
		};
		7EF971472E81CD0B0061B747 /* Release */ = {
			isa = XCBuildConfiguration;
			buildSettings = {
				ASSETCATALOG_COMPILER_APPICON_NAME = AppIcon;
				ASSETCATALOG_COMPILER_GLOBAL_ACCENT_COLOR_NAME = AccentColor;
				CODE_SIGN_STYLE = Automatic;
				CURRENT_PROJECT_VERSION = 1;
				DEVELOPMENT_TEAM = CPHDK83BH3;
				ENABLE_PREVIEWS = YES;
				GENERATE_INFOPLIST_FILE = YES;
				INFOPLIST_KEY_UIApplicationSceneManifest_Generation = YES;
				INFOPLIST_KEY_UIApplicationSupportsIndirectInputEvents = YES;
				INFOPLIST_KEY_UILaunchScreen_Generation = YES;
				INFOPLIST_KEY_UISupportedInterfaceOrientations_iPad = "UIInterfaceOrientationPortrait UIInterfaceOrientationPortraitUpsideDown UIInterfaceOrientationLandscapeLeft UIInterfaceOrientationLandscapeRight";
				INFOPLIST_KEY_UISupportedInterfaceOrientations_iPhone = "UIInterfaceOrientationPortrait UIInterfaceOrientationLandscapeLeft UIInterfaceOrientationLandscapeRight";
				LD_RUNPATH_SEARCH_PATHS = (
					"$(inherited)",
					"@executable_path/Frameworks",
				);
				MARKETING_VERSION = 1.0;
				PRODUCT_BUNDLE_IDENTIFIER = SMU.Employ210;
				PRODUCT_NAME = "$(TARGET_NAME)";
				SWIFT_EMIT_LOC_STRINGS = YES;
				SWIFT_VERSION = 5.0;
				TARGETED_DEVICE_FAMILY = "1,2";
			};
			name = Release;
		};
		7EF971492E81CD0B0061B747 /* Debug */ = {
			isa = XCBuildConfiguration;
			buildSettings = {
				BUNDLE_LOADER = "$(TEST_HOST)";
				"CODE_SIGN_IDENTITY[sdk=macosx*]" = "-";
				CODE_SIGN_STYLE = Automatic;
				CURRENT_PROJECT_VERSION = 1;
				DEVELOPMENT_TEAM = CPHDK83BH3;
				GENERATE_INFOPLIST_FILE = YES;
				IPHONEOS_DEPLOYMENT_TARGET = 18.5;
				MARKETING_VERSION = 1.0;
				PRODUCT_BUNDLE_IDENTIFIER = SMU.Employ210Tests;
				PRODUCT_NAME = "$(TARGET_NAME)";
				SWIFT_EMIT_LOC_STRINGS = NO;
				SWIFT_VERSION = 5.0;
				TARGETED_DEVICE_FAMILY = "1,2";
				TEST_HOST = "$(BUILT_PRODUCTS_DIR)/Employ210.app/$(BUNDLE_EXECUTABLE_FOLDER_PATH)/Employ210";
			};
			name = Debug;
		};
		7EF9714A2E81CD0B0061B747 /* Release */ = {
			isa = XCBuildConfiguration;
			buildSettings = {
				BUNDLE_LOADER = "$(TEST_HOST)";
				"CODE_SIGN_IDENTITY[sdk=macosx*]" = "-";
				CODE_SIGN_STYLE = Automatic;
				CURRENT_PROJECT_VERSION = 1;
				DEVELOPMENT_TEAM = CPHDK83BH3;
				GENERATE_INFOPLIST_FILE = YES;
				IPHONEOS_DEPLOYMENT_TARGET = 18.5;
				MARKETING_VERSION = 1.0;
				PRODUCT_BUNDLE_IDENTIFIER = SMU.Employ210Tests;
				PRODUCT_NAME = "$(TARGET_NAME)";
				SWIFT_EMIT_LOC_STRINGS = NO;
				SWIFT_VERSION = 5.0;
				TARGETED_DEVICE_FAMILY = "1,2";
				TEST_HOST = "$(BUILT_PRODUCTS_DIR)/Employ210.app/$(BUNDLE_EXECUTABLE_FOLDER_PATH)/Employ210";
			};
			name = Release;
		};
		7EF9714C2E81CD0B0061B747 /* Debug */ = {
			isa = XCBuildConfiguration;
			buildSettings = {
				CODE_SIGN_STYLE = Automatic;
				CURRENT_PROJECT_VERSION = 1;
				DEVELOPMENT_TEAM = CPHDK83BH3;
				GENERATE_INFOPLIST_FILE = YES;
				IPHONEOS_DEPLOYMENT_TARGET = 15.6;
				MARKETING_VERSION = 1.0;
				PRODUCT_BUNDLE_IDENTIFIER = SMU.Employ210UITests;
				PRODUCT_NAME = "$(TARGET_NAME)";
				SUPPORTED_PLATFORMS = "iphoneos iphonesimulator";
				SUPPORTS_MACCATALYST = NO;
				SUPPORTS_MAC_DESIGNED_FOR_IPHONE_IPAD = NO;
				SUPPORTS_XR_DESIGNED_FOR_IPHONE_IPAD = NO;
				SWIFT_EMIT_LOC_STRINGS = NO;
				SWIFT_VERSION = 5.0;
				TARGETED_DEVICE_FAMILY = "1,2";
				TEST_TARGET_NAME = Employ210;
			};
			name = Debug;
		};
		7EF9714D2E81CD0B0061B747 /* Release */ = {
			isa = XCBuildConfiguration;
			buildSettings = {
				CODE_SIGN_STYLE = Automatic;
				CURRENT_PROJECT_VERSION = 1;
				DEVELOPMENT_TEAM = CPHDK83BH3;
				GENERATE_INFOPLIST_FILE = YES;
				IPHONEOS_DEPLOYMENT_TARGET = 15.6;
				MARKETING_VERSION = 1.0;
				PRODUCT_BUNDLE_IDENTIFIER = SMU.Employ210UITests;
				PRODUCT_NAME = "$(TARGET_NAME)";
				SUPPORTED_PLATFORMS = "iphoneos iphonesimulator";
				SUPPORTS_MACCATALYST = NO;
				SUPPORTS_MAC_DESIGNED_FOR_IPHONE_IPAD = NO;
				SUPPORTS_XR_DESIGNED_FOR_IPHONE_IPAD = NO;
				SWIFT_EMIT_LOC_STRINGS = NO;
				SWIFT_VERSION = 5.0;
				TARGETED_DEVICE_FAMILY = "1,2";
				TEST_TARGET_NAME = Employ210;
			};
			name = Release;
		};
/* End XCBuildConfiguration section */

/* Begin XCConfigurationList section */
		7EF9711F2E81CD090061B747 /* Build configuration list for PBXProject "Employ210" */ = {
			isa = XCConfigurationList;
			buildConfigurations = (
				7EF971432E81CD0B0061B747 /* Debug */,
				7EF971442E81CD0B0061B747 /* Release */,
			);
			defaultConfigurationIsVisible = 0;
			defaultConfigurationName = Release;
		};
		7EF971452E81CD0B0061B747 /* Build configuration list for PBXNativeTarget "Employ210" */ = {
			isa = XCConfigurationList;
			buildConfigurations = (
				7EF971462E81CD0B0061B747 /* Debug */,
				7EF971472E81CD0B0061B747 /* Release */,
			);
			defaultConfigurationIsVisible = 0;
			defaultConfigurationName = Release;
		};
		7EF971482E81CD0B0061B747 /* Build configuration list for PBXNativeTarget "Employ210Tests" */ = {
			isa = XCConfigurationList;
			buildConfigurations = (
				7EF971492E81CD0B0061B747 /* Debug */,
				7EF9714A2E81CD0B0061B747 /* Release */,
			);
			defaultConfigurationIsVisible = 0;
			defaultConfigurationName = Release;
		};
		7EF9714B2E81CD0B0061B747 /* Build configuration list for PBXNativeTarget "Employ210UITests" */ = {
			isa = XCConfigurationList;
			buildConfigurations = (
				7EF9714C2E81CD0B0061B747 /* Debug */,
				7EF9714D2E81CD0B0061B747 /* Release */,
			);
			defaultConfigurationIsVisible = 0;
			defaultConfigurationName = Release;
		};
/* End XCConfigurationList section */

/* Begin XCRemoteSwiftPackageReference section */
		7EF971522E81EDCC0061B747 /* XCRemoteSwiftPackageReference "firebase-ios-sdk" */ = {
			isa = XCRemoteSwiftPackageReference;
			repositoryURL = "https://github.com/firebase/firebase-ios-sdk.git";
			requirement = {
				kind = upToNextMajorVersion;
				minimumVersion = 12.3.0;
			};
		};
/* End XCRemoteSwiftPackageReference section */

/* Begin XCSwiftPackageProductDependency section */
		7E8749912E8C7F7400D84595 /* FirebaseFirestore */ = {
			isa = XCSwiftPackageProductDependency;
			package = 7EF971522E81EDCC0061B747 /* XCRemoteSwiftPackageReference "firebase-ios-sdk" */;
			productName = FirebaseFirestore;
		};
		7E8749972E8C961A00D84595 /* FirebaseFunctions */ = {
			isa = XCSwiftPackageProductDependency;
			package = 7EF971522E81EDCC0061B747 /* XCRemoteSwiftPackageReference "firebase-ios-sdk" */;
			productName = FirebaseFunctions;
		};
		7EF971672E823C7B0061B747 /* FirebaseAI */ = {
			isa = XCSwiftPackageProductDependency;
			productName = FirebaseAI;
		};
		7EF971692E823C7B0061B747 /* FirebaseAnalytics */ = {
			isa = XCSwiftPackageProductDependency;
			productName = FirebaseAnalytics;
		};
		7EF9716B2E823C7B0061B747 /* FirebaseAnalyticsCore */ = {
			isa = XCSwiftPackageProductDependency;
			productName = FirebaseAnalyticsCore;
		};
		7EF9716D2E823C7B0061B747 /* FirebaseAnalyticsIdentitySupport */ = {
			isa = XCSwiftPackageProductDependency;
			productName = FirebaseAnalyticsIdentitySupport;
		};
		7EF9716F2E823C7B0061B747 /* FirebaseAppCheck */ = {
			isa = XCSwiftPackageProductDependency;
			productName = FirebaseAppCheck;
		};
		7EF971712E823C7B0061B747 /* FirebaseAppDistribution-Beta */ = {
			isa = XCSwiftPackageProductDependency;
			productName = "FirebaseAppDistribution-Beta";
		};
		7EF971732E823C7B0061B747 /* FirebaseAuth */ = {
			isa = XCSwiftPackageProductDependency;
			productName = FirebaseAuth;
		};
		7EF971752E823C7B0061B747 /* FirebaseAuthCombine-Community */ = {
			isa = XCSwiftPackageProductDependency;
			productName = "FirebaseAuthCombine-Community";
		};
		7EF971772E823C7B0061B747 /* FirebaseCore */ = {
			isa = XCSwiftPackageProductDependency;
			productName = FirebaseCore;
		};
		7EF971792E823C7B0061B747 /* FirebaseCrashlytics */ = {
			isa = XCSwiftPackageProductDependency;
			productName = FirebaseCrashlytics;
		};
		7EF9717B2E823C7B0061B747 /* FirebaseDatabase */ = {
			isa = XCSwiftPackageProductDependency;
			productName = FirebaseDatabase;
		};
		7EF9717D2E823C7B0061B747 /* FirebaseFirestore */ = {
			isa = XCSwiftPackageProductDependency;
			productName = FirebaseFirestore;
		};
		7EF9717F2E823C7B0061B747 /* FirebaseFirestoreCombine-Community */ = {
			isa = XCSwiftPackageProductDependency;
			productName = "FirebaseFirestoreCombine-Community";
		};
		7EF971812E823C7B0061B747 /* FirebaseFunctions */ = {
			isa = XCSwiftPackageProductDependency;
			productName = FirebaseFunctions;
		};
		7EF971832E823C7B0061B747 /* FirebaseFunctionsCombine-Community */ = {
			isa = XCSwiftPackageProductDependency;
			productName = "FirebaseFunctionsCombine-Community";
		};
		7EF971852E823C7B0061B747 /* FirebaseInAppMessaging-Beta */ = {
			isa = XCSwiftPackageProductDependency;
			productName = "FirebaseInAppMessaging-Beta";
		};
		7EF971872E823C7B0061B747 /* FirebaseInstallations */ = {
			isa = XCSwiftPackageProductDependency;
			productName = FirebaseInstallations;
		};
		7EF971892E823C7B0061B747 /* FirebaseMLModelDownloader */ = {
			isa = XCSwiftPackageProductDependency;
			productName = FirebaseMLModelDownloader;
		};
		7EF9718B2E823C7B0061B747 /* FirebaseMessaging */ = {
			isa = XCSwiftPackageProductDependency;
			productName = FirebaseMessaging;
		};
		7EF9718D2E823C7B0061B747 /* FirebasePerformance */ = {
			isa = XCSwiftPackageProductDependency;
			productName = FirebasePerformance;
		};
		7EF9718F2E823C7B0061B747 /* FirebaseRemoteConfig */ = {
			isa = XCSwiftPackageProductDependency;
			productName = FirebaseRemoteConfig;
		};
		7EF971912E823C7B0061B747 /* FirebaseStorage */ = {
			isa = XCSwiftPackageProductDependency;
			productName = FirebaseStorage;
		};
		7EF971932E823C7B0061B747 /* FirebaseStorageCombine-Community */ = {
			isa = XCSwiftPackageProductDependency;
			productName = "FirebaseStorageCombine-Community";
		};
/* End XCSwiftPackageProductDependency section */
	};
	rootObject = 7EF9711C2E81CD090061B747 /* Project object */;
}
