// !$*UTF8*$!
{
	archiveVersion = 1;
	classes = {
	};
	objectVersion = 77;
	objects = {

/* Begin PBXBuildFile section */
		1CA7B277BEB2E1CBEFCEFF72 /* awsconfiguration.json in Resources */ = {isa = PBXBuildFile; fileRef = 70EA6B2A225EC4D154BC6E9A /* awsconfiguration.json */; };
		B7A58A45E0A8DFE85FDD9AEE /* amplifyconfiguration.json in Resources */ = {isa = PBXBuildFile; fileRef = FACD92EDAF6556DAB97989E1 /* amplifyconfiguration.json */; };
		E80374402FE03964004074B3 /* Amplify in Frameworks */ = {isa = PBXBuildFile; productRef = E86BDF702FBB4E5400E3009C /* Amplify */; };
		E80374412FE03964004074B3 /* AWSCognitoAuthPlugin in Frameworks */ = {isa = PBXBuildFile; productRef = E86BDF712FBB4E5400E3009C /* AWSCognitoAuthPlugin */; };
		E80374422FE03964004074B3 /* AWSS3StoragePlugin in Frameworks */ = {isa = PBXBuildFile; productRef = E86BDF722FBB4E5400E3009C /* AWSS3StoragePlugin */; };
		E80374432FE03964004074B3 /* Lottie in Frameworks */ = {isa = PBXBuildFile; productRef = E86BDF732FBB4E5400E3009C /* Lottie */; };
/* End PBXBuildFile section */

/* Begin PBXContainerItemProxy section */
		7EF971322E81CD0B0061B747 /* PBXContainerItemProxy */ = {
			isa = PBXContainerItemProxy;
			containerPortal = 7EF9711C2E81CD090061B747 /* Project object */;
			proxyType = 1;
			remoteGlobalIDString = 7EF971232E81CD090061B747;
			remoteInfo = Employ210;
		};
		7EF9713C2E81CD0B0061B747 /* PBXContainerItemProxy */ = {
			isa = PBXContainerItemProxy;
			containerPortal = 7EF9711C2E81CD090061B747 /* Project object */;
			proxyType = 1;
			remoteGlobalIDString = 7EF971232E81CD090061B747;
			remoteInfo = Employ210;
		};
/* End PBXContainerItemProxy section */

/* Begin PBXCopyFilesBuildPhase section */
		E8246B202FAA95060060518B /* Embed Frameworks */ = {
			isa = PBXCopyFilesBuildPhase;
			buildActionMask = 2147483647;
			dstPath = "";
			dstSubfolderSpec = 10;
			files = (
			);
			name = "Embed Frameworks";
			runOnlyForDeploymentPostprocessing = 0;
		};
/* End PBXCopyFilesBuildPhase section */

/* Begin PBXFileReference section */
		70EA6B2A225EC4D154BC6E9A /* awsconfiguration.json */ = {isa = PBXFileReference; explicitFileType = text.json; path = awsconfiguration.json; sourceTree = "<group>"; };
		7EF971242E81CD090061B747 /* Employ210.app */ = {isa = PBXFileReference; explicitFileType = wrapper.application; includeInIndex = 0; path = Employ210.app; sourceTree = BUILT_PRODUCTS_DIR; };
		7EF971312E81CD0B0061B747 /* Employ210Tests.xctest */ = {isa = PBXFileReference; explicitFileType = wrapper.cfbundle; includeInIndex = 0; path = Employ210Tests.xctest; sourceTree = BUILT_PRODUCTS_DIR; };
		7EF9713B2E81CD0B0061B747 /* Employ210UITests.xctest */ = {isa = PBXFileReference; explicitFileType = wrapper.cfbundle; includeInIndex = 0; path = Employ210UITests.xctest; sourceTree = BUILT_PRODUCTS_DIR; };
		FACD92EDAF6556DAB97989E1 /* amplifyconfiguration.json */ = {isa = PBXFileReference; explicitFileType = text.json; path = amplifyconfiguration.json; sourceTree = "<group>"; };
/* End PBXFileReference section */

/* Begin PBXFileSystemSynchronizedBuildFileExceptionSet section */
		E87FBD252F4E0DD1003C5374 /* Exceptions for "Employ210" folder in "Employ210" target */ = {
			isa = PBXFileSystemSynchronizedBuildFileExceptionSet;
			membershipExceptions = (
				Info.plist,
			);
			target = 7EF971232E81CD090061B747 /* Employ210 */;
		};
/* End PBXFileSystemSynchronizedBuildFileExceptionSet section */

/* Begin PBXFileSystemSynchronizedRootGroup section */
		7EF971262E81CD090061B747 /* Employ210 */ = {
			isa = PBXFileSystemSynchronizedRootGroup;
			exceptions = (
				E87FBD252F4E0DD1003C5374 /* Exceptions for "Employ210" folder in "Employ210" target */,
			);
			path = Employ210;
			sourceTree = "<group>";
		};
		7EF971342E81CD0B0061B747 /* Employ210Tests */ = {
			isa = PBXFileSystemSynchronizedRootGroup;
			path = Employ210Tests;
			sourceTree = "<group>";
		};
		7EF9713E2E81CD0B0061B747 /* Employ210UITests */ = {
			isa = PBXFileSystemSynchronizedRootGroup;
			path = Employ210UITests;
			sourceTree = "<group>";
		};
/* End PBXFileSystemSynchronizedRootGroup section */

/* Begin PBXFrameworksBuildPhase section */
		7EF971212E81CD090061B747 /* Frameworks */ = {
			isa = PBXFrameworksBuildPhase;
			buildActionMask = 2147483647;
			files = (
				E80374432FE03964004074B3 /* Lottie in Frameworks */,
				E80374422FE03964004074B3 /* AWSS3StoragePlugin in Frameworks */,
				E80374412FE03964004074B3 /* AWSCognitoAuthPlugin in Frameworks */,
				E80374402FE03964004074B3 /* Amplify in Frameworks */,
			);
			runOnlyForDeploymentPostprocessing = 0;
		};
		7EF9712E2E81CD0B0061B747 /* Frameworks */ = {
			isa = PBXFrameworksBuildPhase;
			buildActionMask = 2147483647;
			files = (
			);
			runOnlyForDeploymentPostprocessing = 0;
		};
		7EF971382E81CD0B0061B747 /* Frameworks */ = {
			isa = PBXFrameworksBuildPhase;
			buildActionMask = 2147483647;
			files = (
			);
			runOnlyForDeploymentPostprocessing = 0;
		};
/* End PBXFrameworksBuildPhase section */

/* Begin PBXGroup section */
		2AE7B6E49C5190631DAA4980 /* AmplifyConfig */ = {
			isa = PBXGroup;
			children = (
				70EA6B2A225EC4D154BC6E9A /* awsconfiguration.json */,
				FACD92EDAF6556DAB97989E1 /* amplifyconfiguration.json */,
			);
			name = AmplifyConfig;
			sourceTree = "<group>";
		};
		7EF9711B2E81CD090061B747 = {
			isa = PBXGroup;
			children = (
				7EF971262E81CD090061B747 /* Employ210 */,
				7EF971342E81CD0B0061B747 /* Employ210Tests */,
				7EF9713E2E81CD0B0061B747 /* Employ210UITests */,
				E8ECBCAC2EEB480E006FECCA /* Frameworks */,
				7EF971252E81CD090061B747 /* Products */,
				2AE7B6E49C5190631DAA4980 /* AmplifyConfig */,
				D0157BAF5686A3482AF57784 /* AmplifyModels */,
			);
			sourceTree = "<group>";
		};
		7EF971252E81CD090061B747 /* Products */ = {
			isa = PBXGroup;
			children = (
				7EF971242E81CD090061B747 /* Employ210.app */,
				7EF971312E81CD0B0061B747 /* Employ210Tests.xctest */,
				7EF9713B2E81CD0B0061B747 /* Employ210UITests.xctest */,
			);
			name = Products;
			sourceTree = "<group>";
		};
		D0157BAF5686A3482AF57784 /* AmplifyModels */ = {
			isa = PBXGroup;
			children = (
			);
			name = AmplifyModels;
			sourceTree = "<group>";
		};
		E8ECBCAC2EEB480E006FECCA /* Frameworks */ = {
			isa = PBXGroup;
			children = (
			);
			name = Frameworks;
			sourceTree = "<group>";
		};
/* End PBXGroup section */

/* Begin PBXNativeTarget section */
		7EF971232E81CD090061B747 /* Employ210 */ = {
			isa = PBXNativeTarget;
			buildConfigurationList = 7EF971452E81CD0B0061B747 /* Build configuration list for PBXNativeTarget "Employ210" */;
			buildPhases = (
				7EF971202E81CD090061B747 /* Sources */,
				7EF971212E81CD090061B747 /* Frameworks */,
				7EF971222E81CD090061B747 /* Resources */,
				E8246B202FAA95060060518B /* Embed Frameworks */,
			);
			buildRules = (
			);
			dependencies = (
			);
			fileSystemSynchronizedGroups = (
				7EF971262E81CD090061B747 /* Employ210 */,
			);
			name = Employ210;
			packageProductDependencies = (
				E86BDF702FBB4E5400E3009C /* Amplify */,
				E86BDF712FBB4E5400E3009C /* AWSCognitoAuthPlugin */,
				E86BDF722FBB4E5400E3009C /* AWSS3StoragePlugin */,
				E86BDF732FBB4E5400E3009C /* Lottie */,
			);
			productName = Employ210;
			productReference = 7EF971242E81CD090061B747 /* Employ210.app */;
			productType = "com.apple.product-type.application";
		};
		7EF971302E81CD0B0061B747 /* Employ210Tests */ = {
			isa = PBXNativeTarget;
			buildConfigurationList = 7EF971482E81CD0B0061B747 /* Build configuration list for PBXNativeTarget "Employ210Tests" */;
			buildPhases = (
				7EF9712D2E81CD0B0061B747 /* Sources */,
				7EF9712E2E81CD0B0061B747 /* Frameworks */,
				7EF9712F2E81CD0B0061B747 /* Resources */,
			);
			buildRules = (
			);
			dependencies = (
				7EF971332E81CD0B0061B747 /* PBXTargetDependency */,
			);
			fileSystemSynchronizedGroups = (
				7EF971342E81CD0B0061B747 /* Employ210Tests */,
			);
			name = Employ210Tests;
			packageProductDependencies = (
			);
			productName = Employ210Tests;
			productReference = 7EF971312E81CD0B0061B747 /* Employ210Tests.xctest */;
			productType = "com.apple.product-type.bundle.unit-test";
		};
		7EF9713A2E81CD0B0061B747 /* Employ210UITests */ = {
			isa = PBXNativeTarget;
			buildConfigurationList = 7EF9714B2E81CD0B0061B747 /* Build configuration list for PBXNativeTarget "Employ210UITests" */;
			buildPhases = (
				7EF971372E81CD0B0061B747 /* Sources */,
				7EF971382E81CD0B0061B747 /* Frameworks */,
				7EF971392E81CD0B0061B747 /* Resources */,
			);
			buildRules = (
			);
			dependencies = (
				7EF9713D2E81CD0B0061B747 /* PBXTargetDependency */,
			);
			fileSystemSynchronizedGroups = (
				7EF9713E2E81CD0B0061B747 /* Employ210UITests */,
			);
			name = Employ210UITests;
			packageProductDependencies = (
			);
			productName = Employ210UITests;
			productReference = 7EF9713B2E81CD0B0061B747 /* Employ210UITests.xctest */;
			productType = "com.apple.product-type.bundle.ui-testing";
		};
/* End PBXNativeTarget section */

/* Begin PBXProject section */
		7EF9711C2E81CD090061B747 /* Project object */ = {
			isa = PBXProject;
			attributes = {
				BuildIndependentTargetsInParallel = 1;
				LastSwiftUpdateCheck = 1640;
				LastUpgradeCheck = 2640;
				TargetAttributes = {
					7EF971232E81CD090061B747 = {
						CreatedOnToolsVersion = 16.4;
					};
					7EF971302E81CD0B0061B747 = {
						CreatedOnToolsVersion = 16.4;
						TestTargetID = 7EF971232E81CD090061B747;
					};
					7EF9713A2E81CD0B0061B747 = {
						CreatedOnToolsVersion = 16.4;
						TestTargetID = 7EF971232E81CD090061B747;
					};
				};
			};
			buildConfigurationList = 7EF9711F2E81CD090061B747 /* Build configuration list for PBXProject "Employ210" */;
			developmentRegion = en;
			hasScannedForEncodings = 0;
			knownRegions = (
				en,
				Base,
			);
			mainGroup = 7EF9711B2E81CD090061B747;
			minimizedProjectReferenceProxies = 1;
			packageReferences = (
				7EF971522E81EDCC0061B747 /* XCRemoteSwiftPackageReference "firebase-ios-sdk" */,
				E87FBD292F4E2772003C5374 /* XCRemoteSwiftPackageReference "swift-algorithms" */,
				E823B42E2F607B4A00AC6E5C /* XCRemoteSwiftPackageReference "swift-argument-parser" */,
				E86BDF282FBB4E0200E3009C /* XCRemoteSwiftPackageReference "lottie-ios" */,
				E86BDF292FBB4E5400E3009C /* XCRemoteSwiftPackageReference "amplify-swift" */,
				E86BDF2A2FBB4F1E00E3009C /* XCRemoteSwiftPackageReference "aws-sdk-swift" */,
			);
			preferredProjectObjectVersion = 77;
			productRefGroup = 7EF971252E81CD090061B747 /* Products */;
			projectDirPath = "";
			projectRoot = "";
			targets = (
				7EF971232E81CD090061B747 /* Employ210 */,
				7EF971302E81CD0B0061B747 /* Employ210Tests */,
				7EF9713A2E81CD0B0061B747 /* Employ210UITests */,
			);
		};
/* End PBXProject section */

/* Begin PBXResourcesBuildPhase section */
		7EF971222E81CD090061B747 /* Resources */ = {
			isa = PBXResourcesBuildPhase;
			buildActionMask = 2147483647;
			files = (
				1CA7B277BEB2E1CBEFCEFF72 /* awsconfiguration.json in Resources */,
				B7A58A45E0A8DFE85FDD9AEE /* amplifyconfiguration.json in Resources */,
			);
			runOnlyForDeploymentPostprocessing = 0;
		};
		7EF9712F2E81CD0B0061B747 /* Resources */ = {
			isa = PBXResourcesBuildPhase;
			buildActionMask = 2147483647;
			files = (
			);
			runOnlyForDeploymentPostprocessing = 0;
		};
		7EF971392E81CD0B0061B747 /* Resources */ = {
			isa = PBXResourcesBuildPhase;
			buildActionMask = 2147483647;
			files = (
			);
			runOnlyForDeploymentPostprocessing = 0;
		};
/* End PBXResourcesBuildPhase section */

/* Begin PBXSourcesBuildPhase section */
		7EF971202E81CD090061B747 /* Sources */ = {
			isa = PBXSourcesBuildPhase;
			buildActionMask = 2147483647;
			files = (
			);
			runOnlyForDeploymentPostprocessing = 0;
		};
		7EF9712D2E81CD0B0061B747 /* Sources */ = {
			isa = PBXSourcesBuildPhase;
			buildActionMask = 2147483647;
			files = (
			);
			runOnlyForDeploymentPostprocessing = 0;
		};
		7EF971372E81CD0B0061B747 /* Sources */ = {
			isa = PBXSourcesBuildPhase;
			buildActionMask = 2147483647;
			files = (
			);
			runOnlyForDeploymentPostprocessing = 0;
		};
/* End PBXSourcesBuildPhase section */

/* Begin PBXTargetDependency section */
		7EF971332E81CD0B0061B747 /* PBXTargetDependency */ = {
			isa = PBXTargetDependency;
			target = 7EF971232E81CD090061B747 /* Employ210 */;
			targetProxy = 7EF971322E81CD0B0061B747 /* PBXContainerItemProxy */;
		};
		7EF9713D2E81CD0B0061B747 /* PBXTargetDependency */ = {
			isa = PBXTargetDependency;
			target = 7EF971232E81CD090061B747 /* Employ210 */;
			targetProxy = 7EF9713C2E81CD0B0061B747 /* PBXContainerItemProxy */;
		};
/* End PBXTargetDependency section */

/* Begin XCBuildConfiguration section */
		7EF971432E81CD0B0061B747 /* Debug */ = {
			isa = XCBuildConfiguration;
			buildSettings = {
				ALWAYS_SEARCH_USER_PATHS = NO;
				ASSETCATALOG_COMPILER_GENERATE_SWIFT_ASSET_SYMBOL_EXTENSIONS = YES;
				CLANG_ANALYZER_NONNULL = YES;
				CLANG_ANALYZER_NUMBER_OBJECT_CONVERSION = YES_AGGRESSIVE;
				CLANG_CXX_LANGUAGE_STANDARD = "gnu++20";
				CLANG_ENABLE_MODULES = YES;
				CLANG_ENABLE_OBJC_ARC = YES;
				CLANG_ENABLE_OBJC_WEAK = YES;
				CLANG_WARN_BLOCK_CAPTURE_AUTORELEASING = YES;
				CLANG_WARN_BOOL_CONVERSION = YES;
				CLANG_WARN_COMMA = YES;
				CLANG_WARN_CONSTANT_CONVERSION = YES;
				CLANG_WARN_DEPRECATED_OBJC_IMPLEMENTATIONS = YES;
				CLANG_WARN_DIRECT_OBJC_ISA_USAGE = YES_ERROR;
				CLANG_WARN_DOCUMENTATION_COMMENTS = YES;
				CLANG_WARN_EMPTY_BODY = YES;
				CLANG_WARN_ENUM_CONVERSION = YES;
				CLANG_WARN_INFINITE_RECURSION = YES;
				CLANG_WARN_INT_CONVERSION = YES;
				CLANG_WARN_NON_LITERAL_NULL_CONVERSION = YES;
				CLANG_WARN_OBJC_IMPLICIT_RETAIN_SELF = YES;
				CLANG_WARN_OBJC_LITERAL_CONVERSION = YES;
				CLANG_WARN_OBJC_ROOT_CLASS = YES_ERROR;
				CLANG_WARN_QUOTED_INCLUDE_IN_FRAMEWORK_HEADER = YES;
				CLANG_WARN_RANGE_LOOP_ANALYSIS = YES;
				CLANG_WARN_STRICT_PROTOTYPES = YES;
				CLANG_WARN_SUSPICIOUS_MOVE = YES;
				CLANG_WARN_UNGUARDED_AVAILABILITY = YES_AGGRESSIVE;
				CLANG_WARN_UNREACHABLE_CODE = YES;
				CLANG_WARN__DUPLICATE_METHOD_MATCH = YES;
				COPY_PHASE_STRIP = NO;
				DEBUG_INFORMATION_FORMAT = dwarf;
				ENABLE_STRICT_OBJC_MSGSEND = YES;
				ENABLE_TESTABILITY = YES;
				ENABLE_USER_SCRIPT_SANDBOXING = YES;
				GCC_C_LANGUAGE_STANDARD = gnu17;
				GCC_DYNAMIC_NO_PIC = NO;
				GCC_NO_COMMON_BLOCKS = YES;
				GCC_OPTIMIZATION_LEVEL = 0;
				GCC_PREPROCESSOR_DEFINITIONS = (
					"DEBUG=1",
					"$(inherited)",
				);
				GCC_WARN_64_TO_32_BIT_CONVERSION = YES;
				GCC_WARN_ABOUT_RETURN_TYPE = YES_ERROR;
				GCC_WARN_UNDECLARED_SELECTOR = YES;
				GCC_WARN_UNINITIALIZED_AUTOS = YES_AGGRESSIVE;
				GCC_WARN_UNUSED_FUNCTION = YES;
				GCC_WARN_UNUSED_VARIABLE = YES;
				IPHONEOS_DEPLOYMENT_TARGET = 18.5;
				LOCALIZATION_PREFERS_STRING_CATALOGS = YES;
				MTL_ENABLE_DEBUG_INFO = INCLUDE_SOURCE;
				MTL_FAST_MATH = YES;
				ONLY_ACTIVE_ARCH = YES;
				SDKROOT = iphoneos;
				STRING_CATALOG_GENERATE_SYMBOLS = YES;
				SWIFT_ACTIVE_COMPILATION_CONDITIONS = "DEBUG $(inherited)";
				SWIFT_OPTIMIZATION_LEVEL = "-Onone";
			};
			name = Debug;
		};
		7EF971442E81CD0B0061B747 /* Release */ = {
			isa = XCBuildConfiguration;
			buildSettings = {
				ALWAYS_SEARCH_USER_PATHS = NO;
				ASSETCATALOG_COMPILER_GENERATE_SWIFT_ASSET_SYMBOL_EXTENSIONS = YES;
				CLANG_ANALYZER_NONNULL = YES;
				CLANG_ANALYZER_NUMBER_OBJECT_CONVERSION = YES_AGGRESSIVE;
				CLANG_CXX_LANGUAGE_STANDARD = "gnu++20";
				CLANG_ENABLE_MODULES = YES;
				CLANG_ENABLE_OBJC_ARC = YES;
				CLANG_ENABLE_OBJC_WEAK = YES;
				CLANG_WARN_BLOCK_CAPTURE_AUTORELEASING = YES;
				CLANG_WARN_BOOL_CONVERSION = YES;
				CLANG_WARN_COMMA = YES;
				CLANG_WARN_CONSTANT_CONVERSION = YES;
				CLANG_WARN_DEPRECATED_OBJC_IMPLEMENTATIONS = YES;
				CLANG_WARN_DIRECT_OBJC_ISA_USAGE = YES_ERROR;
				CLANG_WARN_DOCUMENTATION_COMMENTS = YES;
				CLANG_WARN_EMPTY_BODY = YES;
				CLANG_WARN_ENUM_CONVERSION = YES;
				CLANG_WARN_INFINITE_RECURSION = YES;
				CLANG_WARN_INT_CONVERSION = YES;
				CLANG_WARN_NON_LITERAL_NULL_CONVERSION = YES;
				CLANG_WARN_OBJC_IMPLICIT_RETAIN_SELF = YES;
				CLANG_WARN_OBJC_LITERAL_CONVERSION = YES;
				CLANG_WARN_OBJC_ROOT_CLASS = YES_ERROR;
				CLANG_WARN_QUOTED_INCLUDE_IN_FRAMEWORK_HEADER = YES;
				CLANG_WARN_RANGE_LOOP_ANALYSIS = YES;
				CLANG_WARN_STRICT_PROTOTYPES = YES;
				CLANG_WARN_SUSPICIOUS_MOVE = YES;
				CLANG_WARN_UNGUARDED_AVAILABILITY = YES_AGGRESSIVE;
				CLANG_WARN_UNREACHABLE_CODE = YES;
				CLANG_WARN__DUPLICATE_METHOD_MATCH = YES;
				COPY_PHASE_STRIP = NO;
				DEBUG_INFORMATION_FORMAT = "dwarf-with-dsym";
				ENABLE_NS_ASSERTIONS = NO;
				ENABLE_STRICT_OBJC_MSGSEND = YES;
				ENABLE_USER_SCRIPT_SANDBOXING = YES;
				GCC_C_LANGUAGE_STANDARD = gnu17;
				GCC_NO_COMMON_BLOCKS = YES;
				GCC_WARN_64_TO_32_BIT_CONVERSION = YES;
				GCC_WARN_ABOUT_RETURN_TYPE = YES_ERROR;
				GCC_WARN_UNDECLARED_SELECTOR = YES;
				GCC_WARN_UNINITIALIZED_AUTOS = YES_AGGRESSIVE;
				GCC_WARN_UNUSED_FUNCTION = YES;
				GCC_WARN_UNUSED_VARIABLE = YES;
				IPHONEOS_DEPLOYMENT_TARGET = 18.5;
				LOCALIZATION_PREFERS_STRING_CATALOGS = YES;
				MTL_ENABLE_DEBUG_INFO = NO;
				MTL_FAST_MATH = YES;
				SDKROOT = iphoneos;
				STRING_CATALOG_GENERATE_SYMBOLS = YES;
				SWIFT_COMPILATION_MODE = wholemodule;
				VALIDATE_PRODUCT = YES;
			};
			name = Release;
		};
		7EF971462E81CD0B0061B747 /* Debug */ = {
			isa = XCBuildConfiguration;
			buildSettings = {
				ASSETCATALOG_COMPILER_APPICON_NAME = AppIcon;
				ASSETCATALOG_COMPILER_GLOBAL_ACCENT_COLOR_NAME = AccentColor;
				CODE_SIGN_ENTITLEMENTS = Employ210/Employ210.entitlements;
				CODE_SIGN_IDENTITY = "Apple Development";
				CODE_SIGN_STYLE = Automatic;
				CURRENT_PROJECT_VERSION = 2;
				DEVELOPMENT_TEAM = ZT755P2WJQ;
				ENABLE_PREVIEWS = YES;
				GENERATE_INFOPLIST_FILE = YES;
				INFOPLIST_FILE = Employ210/Info.plist;
				INFOPLIST_KEY_NSCameraUsageDescription = NSCameraUsageDescription;
				INFOPLIST_KEY_NSMicrophoneUsageDescription = NSMicrophoneUsageDescription;
				INFOPLIST_KEY_UIApplicationSceneManifest_Generation = YES;
				INFOPLIST_KEY_UIApplicationSupportsIndirectInputEvents = YES;
				INFOPLIST_KEY_UILaunchScreen_Generation = YES;
				INFOPLIST_KEY_UISupportedInterfaceOrientations_iPad = "UIInterfaceOrientationPortrait UIInterfaceOrientationPortraitUpsideDown UIInterfaceOrientationLandscapeLeft UIInterfaceOrientationLandscapeRight";
				INFOPLIST_KEY_UISupportedInterfaceOrientations_iPhone = "UIInterfaceOrientationPortrait UIInterfaceOrientationLandscapeLeft UIInterfaceOrientationLandscapeRight";
				LD_RUNPATH_SEARCH_PATHS = (
					"$(inherited)",
					"@executable_path/Frameworks",
				);
				MARKETING_VERSION = 1.0;
				PRODUCT_BUNDLE_IDENTIFIER = edu.smu.Dr.Adel.employ210;
				PRODUCT_NAME = "$(TARGET_NAME)";
				PROVISIONING_PROFILE_SPECIFIER = "";
				SWIFT_EMIT_LOC_STRINGS = YES;
				SWIFT_VERSION = 5.0;
				TARGETED_DEVICE_FAMILY = "1,2";
			};
			name = Debug;
		};
		7EF971472E81CD0B0061B747 /* Release */ = {
			isa = XCBuildConfiguration;
			buildSettings = {
				ASSETCATALOG_COMPILER_APPICON_NAME = AppIcon;
				ASSETCATALOG_COMPILER_GLOBAL_ACCENT_COLOR_NAME = AccentColor;
				CODE_SIGN_ENTITLEMENTS = Employ210/Employ210.entitlements;
				CODE_SIGN_IDENTITY = "Apple Development";
				CODE_SIGN_STYLE = Automatic;
				CURRENT_PROJECT_VERSION = 2;
				DEVELOPMENT_TEAM = ZT755P2WJQ;
				ENABLE_PREVIEWS = YES;
				GENERATE_INFOPLIST_FILE = YES;
				INFOPLIST_FILE = Employ210/Info.plist;
				INFOPLIST_KEY_NSCameraUsageDescription = NSCameraUsageDescription;
				INFOPLIST_KEY_NSMicrophoneUsageDescription = NSMicrophoneUsageDescription;
				INFOPLIST_KEY_UIApplicationSceneManifest_Generation = YES;
				INFOPLIST_KEY_UIApplicationSupportsIndirectInputEvents = YES;
				INFOPLIST_KEY_UILaunchScreen_Generation = YES;
				INFOPLIST_KEY_UISupportedInterfaceOrientations_iPad = "UIInterfaceOrientationPortrait UIInterfaceOrientationPortraitUpsideDown UIInterfaceOrientationLandscapeLeft UIInterfaceOrientationLandscapeRight";
				INFOPLIST_KEY_UISupportedInterfaceOrientations_iPhone = "UIInterfaceOrientationPortrait UIInterfaceOrientationLandscapeLeft UIInterfaceOrientationLandscapeRight";
				LD_RUNPATH_SEARCH_PATHS = (
					"$(inherited)",
					"@executable_path/Frameworks",
				);
				MARKETING_VERSION = 1.0;
				PRODUCT_BUNDLE_IDENTIFIER = edu.smu.Dr.Adel.employ210;
				PRODUCT_NAME = "$(TARGET_NAME)";
				PROVISIONING_PROFILE_SPECIFIER = "";
				SWIFT_EMIT_LOC_STRINGS = YES;
				SWIFT_VERSION = 5.0;
				TARGETED_DEVICE_FAMILY = "1,2";
			};
			name = Release;
		};
		7EF971492E81CD0B0061B747 /* Debug */ = {
			isa = XCBuildConfiguration;
			buildSettings = {
				BUNDLE_LOADER = "$(TEST_HOST)";
				"CODE_SIGN_IDENTITY[sdk=macosx*]" = "-";
				CODE_SIGN_STYLE = Automatic;
				CURRENT_PROJECT_VERSION = 1;
				DEVELOPMENT_TEAM = CPHDK83BH3;
				GENERATE_INFOPLIST_FILE = YES;
				IPHONEOS_DEPLOYMENT_TARGET = 18.5;
				MARKETING_VERSION = 1.0;
				PRODUCT_BUNDLE_IDENTIFIER = SMU.Employ210Tests;
				PRODUCT_NAME = "$(TARGET_NAME)";
				SWIFT_EMIT_LOC_STRINGS = NO;
				SWIFT_VERSION = 5.0;
				TARGETED_DEVICE_FAMILY = "1,2";
				TEST_HOST = "$(BUILT_PRODUCTS_DIR)/Employ210.app/$(BUNDLE_EXECUTABLE_FOLDER_PATH)/Employ210";
			};
			name = Debug;
		};
		7EF9714A2E81CD0B0061B747 /* Release */ = {
			isa = XCBuildConfiguration;
			buildSettings = {
				BUNDLE_LOADER = "$(TEST_HOST)";
				"CODE_SIGN_IDENTITY[sdk=macosx*]" = "-";
				CODE_SIGN_STYLE = Automatic;
				CURRENT_PROJECT_VERSION = 1;
				DEVELOPMENT_TEAM = CPHDK83BH3;
				GENERATE_INFOPLIST_FILE = YES;
				IPHONEOS_DEPLOYMENT_TARGET = 18.5;
				MARKETING_VERSION = 1.0;
				PRODUCT_BUNDLE_IDENTIFIER = SMU.Employ210Tests;
				PRODUCT_NAME = "$(TARGET_NAME)";
				SWIFT_EMIT_LOC_STRINGS = NO;
				SWIFT_VERSION = 5.0;
				TARGETED_DEVICE_FAMILY = "1,2";
				TEST_HOST = "$(BUILT_PRODUCTS_DIR)/Employ210.app/$(BUNDLE_EXECUTABLE_FOLDER_PATH)/Employ210";
			};
			name = Release;
		};
		7EF9714C2E81CD0B0061B747 /* Debug */ = {
			isa = XCBuildConfiguration;
			buildSettings = {
				CODE_SIGN_STYLE = Automatic;
				CURRENT_PROJECT_VERSION = 1;
				DEVELOPMENT_TEAM = ZT755P2WJQ;
				GENERATE_INFOPLIST_FILE = YES;
				IPHONEOS_DEPLOYMENT_TARGET = 15.6;
				MARKETING_VERSION = 1.0;
				PRODUCT_BUNDLE_IDENTIFIER = SMU.Employ210UITests;
				PRODUCT_NAME = "$(TARGET_NAME)";
				SUPPORTED_PLATFORMS = "iphoneos iphonesimulator";
				SUPPORTS_MACCATALYST = NO;
				SUPPORTS_MAC_DESIGNED_FOR_IPHONE_IPAD = NO;
				SUPPORTS_XR_DESIGNED_FOR_IPHONE_IPAD = NO;
				SWIFT_EMIT_LOC_STRINGS = NO;
				SWIFT_VERSION = 5.0;
				TARGETED_DEVICE_FAMILY = "1,2";
				TEST_TARGET_NAME = Employ210;
			};
			name = Debug;
		};
		7EF9714D2E81CD0B0061B747 /* Release */ = {
			isa = XCBuildConfiguration;
			buildSettings = {
				CODE_SIGN_STYLE = Automatic;
				CURRENT_PROJECT_VERSION = 1;
				DEVELOPMENT_TEAM = ZT755P2WJQ;
				GENERATE_INFOPLIST_FILE = YES;
				IPHONEOS_DEPLOYMENT_TARGET = 15.6;
				MARKETING_VERSION = 1.0;
				PRODUCT_BUNDLE_IDENTIFIER = SMU.Employ210UITests;
				PRODUCT_NAME = "$(TARGET_NAME)";
				SUPPORTED_PLATFORMS = "iphoneos iphonesimulator";
				SUPPORTS_MACCATALYST = NO;
				SUPPORTS_MAC_DESIGNED_FOR_IPHONE_IPAD = NO;
				SUPPORTS_XR_DESIGNED_FOR_IPHONE_IPAD = NO;
				SWIFT_EMIT_LOC_STRINGS = NO;
				SWIFT_VERSION = 5.0;
				TARGETED_DEVICE_FAMILY = "1,2";
				TEST_TARGET_NAME = Employ210;
			};
			name = Release;
		};
/* End XCBuildConfiguration section */

/* Begin XCConfigurationList section */
		7EF9711F2E81CD090061B747 /* Build configuration list for PBXProject "Employ210" */ = {
			isa = XCConfigurationList;
			buildConfigurations = (
				7EF971432E81CD0B0061B747 /* Debug */,
				7EF971442E81CD0B0061B747 /* Release */,
			);
			defaultConfigurationIsVisible = 0;
			defaultConfigurationName = Release;
		};
		7EF971452E81CD0B0061B747 /* Build configuration list for PBXNativeTarget "Employ210" */ = {
			isa = XCConfigurationList;
			buildConfigurations = (
				7EF971462E81CD0B0061B747 /* Debug */,
				7EF971472E81CD0B0061B747 /* Release */,
			);
			defaultConfigurationIsVisible = 0;
			defaultConfigurationName = Release;
		};
		7EF971482E81CD0B0061B747 /* Build configuration list for PBXNativeTarget "Employ210Tests" */ = {
			isa = XCConfigurationList;
			buildConfigurations = (
				7EF971492E81CD0B0061B747 /* Debug */,
				7EF9714A2E81CD0B0061B747 /* Release */,
			);
			defaultConfigurationIsVisible = 0;
			defaultConfigurationName = Release;
		};
		7EF9714B2E81CD0B0061B747 /* Build configuration list for PBXNativeTarget "Employ210UITests" */ = {
			isa = XCConfigurationList;
			buildConfigurations = (
				7EF9714C2E81CD0B0061B747 /* Debug */,
				7EF9714D2E81CD0B0061B747 /* Release */,
			);
			defaultConfigurationIsVisible = 0;
			defaultConfigurationName = Release;
		};
/* End XCConfigurationList section */

/* Begin XCRemoteSwiftPackageReference section */
		7EF971522E81EDCC0061B747 /* XCRemoteSwiftPackageReference "firebase-ios-sdk" */ = {
			isa = XCRemoteSwiftPackageReference;
			repositoryURL = "https://github.com/firebase/firebase-ios-sdk.git";
			requirement = {
				kind = upToNextMajorVersion;
				minimumVersion = 12.3.0;
			};
		};
		E823B42E2F607B4A00AC6E5C /* XCRemoteSwiftPackageReference "swift-argument-parser" */ = {
			isa = XCRemoteSwiftPackageReference;
			repositoryURL = "https://github.com/apple/swift-argument-parser.git";
			requirement = {
				kind = upToNextMajorVersion;
				minimumVersion = 1.7.0;
			};
		};
		E86BDF282FBB4E0200E3009C /* XCRemoteSwiftPackageReference "lottie-ios" */ = {
			isa = XCRemoteSwiftPackageReference;
			repositoryURL = "https://github.com/airbnb/lottie-ios";
			requirement = {
				kind = upToNextMajorVersion;
				minimumVersion = 4.6.0;
			};
		};
		E86BDF292FBB4E5400E3009C /* XCRemoteSwiftPackageReference "amplify-swift" */ = {
			isa = XCRemoteSwiftPackageReference;
			repositoryURL = "https://github.com/aws-amplify/amplify-swift";
			requirement = {
				kind = upToNextMajorVersion;
				minimumVersion = 2.58.1;
			};
		};
		E86BDF2A2FBB4F1E00E3009C /* XCRemoteSwiftPackageReference "aws-sdk-swift" */ = {
			isa = XCRemoteSwiftPackageReference;
			repositoryURL = "https://github.com/awslabs/aws-sdk-swift";
			requirement = {
				kind = upToNextMajorVersion;
				minimumVersion = 1.6.71;
			};
		};
		E87FBD292F4E2772003C5374 /* XCRemoteSwiftPackageReference "swift-algorithms" */ = {
			isa = XCRemoteSwiftPackageReference;
			repositoryURL = "https://github.com/apple/swift-algorithms.git";
			requirement = {
				kind = upToNextMajorVersion;
				minimumVersion = 1.2.1;
			};
		};
/* End XCRemoteSwiftPackageReference section */

/* Begin XCSwiftPackageProductDependency section */
		E86BDF702FBB4E5400E3009C /* Amplify */ = {
			isa = XCSwiftPackageProductDependency;
			package = E86BDF292FBB4E5400E3009C /* XCRemoteSwiftPackageReference "amplify-swift" */;
			productName = Amplify;
		};
		E86BDF712FBB4E5400E3009C /* AWSCognitoAuthPlugin */ = {
			isa = XCSwiftPackageProductDependency;
			package = E86BDF292FBB4E5400E3009C /* XCRemoteSwiftPackageReference "amplify-swift" */;
			productName = AWSCognitoAuthPlugin;
		};
		E86BDF722FBB4E5400E3009C /* AWSS3StoragePlugin */ = {
			isa = XCSwiftPackageProductDependency;
			package = E86BDF292FBB4E5400E3009C /* XCRemoteSwiftPackageReference "amplify-swift" */;
			productName = AWSS3StoragePlugin;
		};
		E86BDF732FBB4E5400E3009C /* Lottie */ = {
			isa = XCSwiftPackageProductDependency;
			package = E86BDF282FBB4E0200E3009C /* XCRemoteSwiftPackageReference "lottie-ios" */;
			productName = Lottie;
		};
/* End XCSwiftPackageProductDependency section */
	};
	rootObject = 7EF9711C2E81CD090061B747 /* Project object */;
}
